// !$*UTF8*$!
{
	archiveVersion = 1;
	classes = {
	};
	objectVersion = 46;
	objects = {

/* Begin PBXBuildFile section */
		3D33EFEC1C4433F3003BA45A /* share.png in Resources */ = {isa = PBXBuildFile; fileRef = 3D33EFEB1C4433F3003BA45A /* share.png */; };
		3D43CEF31C1F413A00118998 /* AudioToolbox.framework in Frameworks */ = {isa = PBXBuildFile; fileRef = 3D43CEF21C1F413A00118998 /* AudioToolbox.framework */; };
		3D43CEF51C1F414100118998 /* CFNetwork.framework in Frameworks */ = {isa = PBXBuildFile; fileRef = 3D43CEF41C1F414100118998 /* CFNetwork.framework */; };
		3D43CEF71C1F414800118998 /* CoreGraphics.framework in Frameworks */ = {isa = PBXBuildFile; fileRef = 3D43CEF61C1F414800118998 /* CoreGraphics.framework */; };
		3D43CEF91C1F414E00118998 /* MapKit.framework in Frameworks */ = {isa = PBXBuildFile; fileRef = 3D43CEF81C1F414E00118998 /* MapKit.framework */; };
		3D43CEFB1C1F415500118998 /* CoreLocation.framework in Frameworks */ = {isa = PBXBuildFile; fileRef = 3D43CEFA1C1F415500118998 /* CoreLocation.framework */; };
		3D43CEFD1C1F416000118998 /* QuartzCore.framework in Frameworks */ = {isa = PBXBuildFile; fileRef = 3D43CEFC1C1F416000118998 /* QuartzCore.framework */; };
		3D43CEFF1C1F416900118998 /* Security.framework in Frameworks */ = {isa = PBXBuildFile; fileRef = 3D43CEFE1C1F416900118998 /* Security.framework */; };
		3D43CF011C1F417100118998 /* StoreKit.framework in Frameworks */ = {isa = PBXBuildFile; fileRef = 3D43CF001C1F417100118998 /* StoreKit.framework */; };
		3D43CF031C1F417B00118998 /* SystemConfiguration.framework in Frameworks */ = {isa = PBXBuildFile; fileRef = 3D43CF021C1F417B00118998 /* SystemConfiguration.framework */; };
		3D43CF051C1F418400118998 /* libz.1.1.3.tbd in Frameworks */ = {isa = PBXBuildFile; fileRef = 3D43CF041C1F418400118998 /* libz.1.1.3.tbd */; };
		3D43CF071C1F418E00118998 /* libsqlite3.0.tbd in Frameworks */ = {isa = PBXBuildFile; fileRef = 3D43CF061C1F418E00118998 /* libsqlite3.0.tbd */; };
		3D43CF0E1C1F41AB00118998 /* Bolts.framework in Frameworks */ = {isa = PBXBuildFile; fileRef = 3D43CF081C1F41AB00118998 /* Bolts.framework */; };
		3D43CF0F1C1F41AB00118998 /* Parse.framework in Frameworks */ = {isa = PBXBuildFile; fileRef = 3D43CF091C1F41AB00118998 /* Parse.framework */; };
		3D43CF101C1F41AB00118998 /* ParseFacebookUtils.framework in Frameworks */ = {isa = PBXBuildFile; fileRef = 3D43CF0A1C1F41AB00118998 /* ParseFacebookUtils.framework */; };
		3D43CF111C1F41AB00118998 /* ParseFacebookUtilsV4.framework in Frameworks */ = {isa = PBXBuildFile; fileRef = 3D43CF0B1C1F41AB00118998 /* ParseFacebookUtilsV4.framework */; };
		3D43CF121C1F41AB00118998 /* ParseTwitterUtils.framework in Frameworks */ = {isa = PBXBuildFile; fileRef = 3D43CF0C1C1F41AB00118998 /* ParseTwitterUtils.framework */; };
		3D43CF131C1F41AB00118998 /* ParseUI.framework in Frameworks */ = {isa = PBXBuildFile; fileRef = 3D43CF0D1C1F41AB00118998 /* ParseUI.framework */; };
		3D43CF2D1C1F4E4D00118998 /* ParseSignUpViewController.m in Sources */ = {isa = PBXBuildFile; fileRef = 3D43CF2C1C1F4E4D00118998 /* ParseSignUpViewController.m */; };
		3D43CF301C1F4E5B00118998 /* ParseResetPasswordViewController.m in Sources */ = {isa = PBXBuildFile; fileRef = 3D43CF2F1C1F4E5B00118998 /* ParseResetPasswordViewController.m */; };
		3D7264051C1F6BCC00ABEEFD /* TourSelectionViewController.m in Sources */ = {isa = PBXBuildFile; fileRef = 3D7264041C1F6BCC00ABEEFD /* TourSelectionViewController.m */; };
		3D7264071C1F716E00ABEEFD /* ParseLoginViewController.m in Sources */ = {isa = PBXBuildFile; fileRef = 3D7264061C1F716E00ABEEFD /* ParseLoginViewController.m */; };
		3D9A58701C2329F90056A624 /* sandfootprints 700h.jpg in Resources */ = {isa = PBXBuildFile; fileRef = 3D9A586F1C2329F90056A624 /* sandfootprints 700h.jpg */; };
		3D9A58721C232C180056A624 /* newyorkpin copy700h.jpg in Resources */ = {isa = PBXBuildFile; fileRef = 3D9A58711C232C180056A624 /* newyorkpin copy700h.jpg */; };
		3D9A58741C234BEB0056A624 /* seattlesunset copy700.jpg in Resources */ = {isa = PBXBuildFile; fileRef = 3D9A58731C234BEB0056A624 /* seattlesunset copy700.jpg */; };
		3D9A58781C234E6D0056A624 /* goldengatebridge copy700.jpg in Resources */ = {isa = PBXBuildFile; fileRef = 3D9A58771C234E6D0056A624 /* goldengatebridge copy700.jpg */; };
		3DC42F6B1C330D9A00037970 /* Walkabout-Tours29.png in Resources */ = {isa = PBXBuildFile; fileRef = 3DC42F631C330D9A00037970 /* Walkabout-Tours29.png */; };
		3DC42F6D1C330D9A00037970 /* Walkabout-Tours40.png in Resources */ = {isa = PBXBuildFile; fileRef = 3DC42F651C330D9A00037970 /* Walkabout-Tours40.png */; };
		3DC42F6E1C330D9A00037970 /* Walkabout-Tours58.png in Resources */ = {isa = PBXBuildFile; fileRef = 3DC42F661C330D9A00037970 /* Walkabout-Tours58.png */; };
		3DC42F6F1C330D9A00037970 /* Walkabout-Tours60.png in Resources */ = {isa = PBXBuildFile; fileRef = 3DC42F671C330D9A00037970 /* Walkabout-Tours60.png */; };
		3DC42F701C330D9A00037970 /* Walkabout-Tours76.png in Resources */ = {isa = PBXBuildFile; fileRef = 3DC42F681C330D9A00037970 /* Walkabout-Tours76.png */; };
		3DC42F711C330D9A00037970 /* Walkabout-Tours80.png in Resources */ = {isa = PBXBuildFile; fileRef = 3DC42F691C330D9A00037970 /* Walkabout-Tours80.png */; };
		3DC42F741C330DCB00037970 /* Walkabout-Tours87.png in Resources */ = {isa = PBXBuildFile; fileRef = 3DC42F731C330DCB00037970 /* Walkabout-Tours87.png */; };
		3DC42F761C330E1F00037970 /* Walkabout-Tours152.png in Resources */ = {isa = PBXBuildFile; fileRef = 3DC42F751C330E1F00037970 /* Walkabout-Tours152.png */; };
		90090C9A1C2339630040EE94 /* Rectangle 1@2x.png in Resources */ = {isa = PBXBuildFile; fileRef = 90090C911C2339630040EE94 /* Rectangle 1@2x.png */; };
		90090C9B1C2339630040EE94 /* Rectangle 1@3x.png in Resources */ = {isa = PBXBuildFile; fileRef = 90090C921C2339630040EE94 /* Rectangle 1@3x.png */; };
		90090C9D1C2339630040EE94 /* Rectangle 2 Copy 2@2x.png in Resources */ = {isa = PBXBuildFile; fileRef = 90090C941C2339630040EE94 /* Rectangle 2 Copy 2@2x.png */; };
		90090C9F1C2339630040EE94 /* Rectangle 3 Copy.png in Resources */ = {isa = PBXBuildFile; fileRef = 90090C961C2339630040EE94 /* Rectangle 3 Copy.png */; };
		903177CB1C1F3A9E001C8DF9 /* main.m in Sources */ = {isa = PBXBuildFile; fileRef = 903177CA1C1F3A9E001C8DF9 /* main.m */; };
		903177CE1C1F3A9E001C8DF9 /* AppDelegate.m in Sources */ = {isa = PBXBuildFile; fileRef = 903177CD1C1F3A9E001C8DF9 /* AppDelegate.m */; };
		903177D41C1F3A9E001C8DF9 /* Main.storyboard in Resources */ = {isa = PBXBuildFile; fileRef = 903177D21C1F3A9E001C8DF9 /* Main.storyboard */; };
		903177D61C1F3A9E001C8DF9 /* Assets.xcassets in Resources */ = {isa = PBXBuildFile; fileRef = 903177D51C1F3A9E001C8DF9 /* Assets.xcassets */; };
		903177D91C1F3A9E001C8DF9 /* LaunchScreen.storyboard in Resources */ = {isa = PBXBuildFile; fileRef = 903177D71C1F3A9E001C8DF9 /* LaunchScreen.storyboard */; };
		903177E41C1F3A9E001C8DF9 /* WalkingToursTests.m in Sources */ = {isa = PBXBuildFile; fileRef = 903177E31C1F3A9E001C8DF9 /* WalkingToursTests.m */; };
		903177EF1C1F3A9E001C8DF9 /* WalkingToursUITests.m in Sources */ = {isa = PBXBuildFile; fileRef = 903177EE1C1F3A9E001C8DF9 /* WalkingToursUITests.m */; };
		90380EF51C1F49160085DD66 /* Tour.m in Sources */ = {isa = PBXBuildFile; fileRef = 90380EF41C1F49160085DD66 /* Tour.m */; };
		90380EF81C1F4C590085DD66 /* Location.m in Sources */ = {isa = PBXBuildFile; fileRef = 90380EF71C1F4C590085DD66 /* Location.m */; };
		9050ECD91C1F78E80092CF86 /* VideoPlayerView.m in Sources */ = {isa = PBXBuildFile; fileRef = 9050ECD81C1F78E80092CF86 /* VideoPlayerView.m */; };
		9050ECDC1C1F7B920092CF86 /* TourDetailViewController.m in Sources */ = {isa = PBXBuildFile; fileRef = 9050ECDB1C1F7B920092CF86 /* TourDetailViewController.m */; };
		9050ECDF1C1F82F20092CF86 /* CreateTourDetailViewController.m in Sources */ = {isa = PBXBuildFile; fileRef = 9050ECDE1C1F82F20092CF86 /* CreateTourDetailViewController.m */; };
		906734611C28AAF700DF76B1 /* Fabric.framework in Frameworks */ = {isa = PBXBuildFile; fileRef = 9067345F1C28AAF700DF76B1 /* Fabric.framework */; };
		906734621C28AAF700DF76B1 /* Crashlytics.framework in Frameworks */ = {isa = PBXBuildFile; fileRef = 906734601C28AAF700DF76B1 /* Crashlytics.framework */; };
		908AA8C11C20972B00A7DF57 /* ParseService.m in Sources */ = {isa = PBXBuildFile; fileRef = 908AA8C01C20972B00A7DF57 /* ParseService.m */; };
		90AE88D11C209290005536B4 /* CategoryTableViewCell.m in Sources */ = {isa = PBXBuildFile; fileRef = 90AE88CF1C209290005536B4 /* CategoryTableViewCell.m */; };
		90AE88D21C209290005536B4 /* CategoryTableViewCell.xib in Resources */ = {isa = PBXBuildFile; fileRef = 90AE88D01C209290005536B4 /* CategoryTableViewCell.xib */; };
		90F4E22B1C1FA7B3002A75B2 /* CreateTourViewController.m in Sources */ = {isa = PBXBuildFile; fileRef = 90F4E22A1C1FA7B3002A75B2 /* CreateTourViewController.m */; };
		90FD33551C210AAA002FFD1A /* LocationTableViewCell.m in Sources */ = {isa = PBXBuildFile; fileRef = 90FD33531C210AAA002FFD1A /* LocationTableViewCell.m */; };
		90FD33561C210AAA002FFD1A /* LocationTableViewCell.xib in Resources */ = {isa = PBXBuildFile; fileRef = 90FD33541C210AAA002FFD1A /* LocationTableViewCell.xib */; };
		BF7EAC391C207FC40076E432 /* POIDetailTableViewCell.xib in Resources */ = {isa = PBXBuildFile; fileRef = BF7EAC381C207FC40076E432 /* POIDetailTableViewCell.xib */; };
		BF7EAC3C1C2080160076E432 /* POIDetailTableViewCell.m in Sources */ = {isa = PBXBuildFile; fileRef = BF7EAC3B1C2080160076E432 /* POIDetailTableViewCell.m */; };
		BF844F141C238F650025E651 /* MyExtension.m in Sources */ = {isa = PBXBuildFile; fileRef = BF844F131C238F640025E651 /* MyExtension.m */; };
		BF844F1A1C239B5B0025E651 /* CustomAnnotation.m in Sources */ = {isa = PBXBuildFile; fileRef = BF844F191C239B5B0025E651 /* CustomAnnotation.m */; };
		BF85AE561C29F3DE004292E6 /* InfoPlist.strings in Resources */ = {isa = PBXBuildFile; fileRef = BF85AE581C29F3DE004292E6 /* InfoPlist.strings */; };
		BF85AE5B1C29F3DE004292E6 /* InfoPlist.strings in Resources */ = {isa = PBXBuildFile; fileRef = BF85AE5D1C29F3DE004292E6 /* InfoPlist.strings */; };
		BF85AE601C29F3DF004292E6 /* Localizable.strings in Resources */ = {isa = PBXBuildFile; fileRef = BF85AE621C29F3DF004292E6 /* Localizable.strings */; };
		BF85AE651C29F3E0004292E6 /* InfoPlist.strings in Resources */ = {isa = PBXBuildFile; fileRef = BF85AE671C29F3E0004292E6 /* InfoPlist.strings */; };
		BFAD24D11C20ECED009557DF /* TourListViewController.m in Sources */ = {isa = PBXBuildFile; fileRef = BFAD24D01C20ECED009557DF /* TourListViewController.m */; };
		BFD441891C1F6574004F8CDE /* FindToursViewController.m in Sources */ = {isa = PBXBuildFile; fileRef = BFD441881C1F6574004F8CDE /* FindToursViewController.m */; };
		BFD4418C1C1F6C21004F8CDE /* TourMapViewController.m in Sources */ = {isa = PBXBuildFile; fileRef = BFD4418B1C1F6C21004F8CDE /* TourMapViewController.m */; };
/* End PBXBuildFile section */

/* Begin PBXContainerItemProxy section */
		903177E01C1F3A9E001C8DF9 /* PBXContainerItemProxy */ = {
			isa = PBXContainerItemProxy;
			containerPortal = 903177BE1C1F3A9E001C8DF9 /* Project object */;
			proxyType = 1;
			remoteGlobalIDString = 903177C51C1F3A9E001C8DF9;
			remoteInfo = WalkingTours;
		};
		903177EB1C1F3A9E001C8DF9 /* PBXContainerItemProxy */ = {
			isa = PBXContainerItemProxy;
			containerPortal = 903177BE1C1F3A9E001C8DF9 /* Project object */;
			proxyType = 1;
			remoteGlobalIDString = 903177C51C1F3A9E001C8DF9;
			remoteInfo = WalkingTours;
		};
/* End PBXContainerItemProxy section */

/* Begin PBXFileReference section */
		3D33EFEB1C4433F3003BA45A /* share.png */ = {isa = PBXFileReference; lastKnownFileType = image.png; path = share.png; sourceTree = "<group>"; };
		3D43CEF21C1F413A00118998 /* AudioToolbox.framework */ = {isa = PBXFileReference; lastKnownFileType = wrapper.framework; name = AudioToolbox.framework; path = System/Library/Frameworks/AudioToolbox.framework; sourceTree = SDKROOT; };
		3D43CEF41C1F414100118998 /* CFNetwork.framework */ = {isa = PBXFileReference; lastKnownFileType = wrapper.framework; name = CFNetwork.framework; path = System/Library/Frameworks/CFNetwork.framework; sourceTree = SDKROOT; };
		3D43CEF61C1F414800118998 /* CoreGraphics.framework */ = {isa = PBXFileReference; lastKnownFileType = wrapper.framework; name = CoreGraphics.framework; path = System/Library/Frameworks/CoreGraphics.framework; sourceTree = SDKROOT; };
		3D43CEF81C1F414E00118998 /* MapKit.framework */ = {isa = PBXFileReference; lastKnownFileType = wrapper.framework; name = MapKit.framework; path = System/Library/Frameworks/MapKit.framework; sourceTree = SDKROOT; };
		3D43CEFA1C1F415500118998 /* CoreLocation.framework */ = {isa = PBXFileReference; lastKnownFileType = wrapper.framework; name = CoreLocation.framework; path = System/Library/Frameworks/CoreLocation.framework; sourceTree = SDKROOT; };
		3D43CEFC1C1F416000118998 /* QuartzCore.framework */ = {isa = PBXFileReference; lastKnownFileType = wrapper.framework; name = QuartzCore.framework; path = System/Library/Frameworks/QuartzCore.framework; sourceTree = SDKROOT; };
		3D43CEFE1C1F416900118998 /* Security.framework */ = {isa = PBXFileReference; lastKnownFileType = wrapper.framework; name = Security.framework; path = System/Library/Frameworks/Security.framework; sourceTree = SDKROOT; };
		3D43CF001C1F417100118998 /* StoreKit.framework */ = {isa = PBXFileReference; lastKnownFileType = wrapper.framework; name = StoreKit.framework; path = System/Library/Frameworks/StoreKit.framework; sourceTree = SDKROOT; };
		3D43CF021C1F417B00118998 /* SystemConfiguration.framework */ = {isa = PBXFileReference; lastKnownFileType = wrapper.framework; name = SystemConfiguration.framework; path = System/Library/Frameworks/SystemConfiguration.framework; sourceTree = SDKROOT; };
		3D43CF041C1F418400118998 /* libz.1.1.3.tbd */ = {isa = PBXFileReference; lastKnownFileType = "sourcecode.text-based-dylib-definition"; name = libz.1.1.3.tbd; path = usr/lib/libz.1.1.3.tbd; sourceTree = SDKROOT; };
		3D43CF061C1F418E00118998 /* libsqlite3.0.tbd */ = {isa = PBXFileReference; lastKnownFileType = "sourcecode.text-based-dylib-definition"; name = libsqlite3.0.tbd; path = usr/lib/libsqlite3.0.tbd; sourceTree = SDKROOT; };
		3D43CF081C1F41AB00118998 /* Bolts.framework */ = {isa = PBXFileReference; lastKnownFileType = wrapper.framework; path = Bolts.framework; sourceTree = "<group>"; };
		3D43CF091C1F41AB00118998 /* Parse.framework */ = {isa = PBXFileReference; lastKnownFileType = wrapper.framework; path = Parse.framework; sourceTree = "<group>"; };
		3D43CF0A1C1F41AB00118998 /* ParseFacebookUtils.framework */ = {isa = PBXFileReference; lastKnownFileType = wrapper.framework; path = ParseFacebookUtils.framework; sourceTree = "<group>"; };
		3D43CF0B1C1F41AB00118998 /* ParseFacebookUtilsV4.framework */ = {isa = PBXFileReference; lastKnownFileType = wrapper.framework; path = ParseFacebookUtilsV4.framework; sourceTree = "<group>"; };
		3D43CF0C1C1F41AB00118998 /* ParseTwitterUtils.framework */ = {isa = PBXFileReference; lastKnownFileType = wrapper.framework; path = ParseTwitterUtils.framework; sourceTree = "<group>"; };
		3D43CF0D1C1F41AB00118998 /* ParseUI.framework */ = {isa = PBXFileReference; lastKnownFileType = wrapper.framework; path = ParseUI.framework; sourceTree = "<group>"; };
		3D43CF281C1F47F400118998 /* ParseLoginViewController.h */ = {isa = PBXFileReference; fileEncoding = 4; lastKnownFileType = sourcecode.c.h; path = ParseLoginViewController.h; sourceTree = "<group>"; };
		3D43CF2B1C1F4E4D00118998 /* ParseSignUpViewController.h */ = {isa = PBXFileReference; fileEncoding = 4; lastKnownFileType = sourcecode.c.h; path = ParseSignUpViewController.h; sourceTree = "<group>"; };
		3D43CF2C1C1F4E4D00118998 /* ParseSignUpViewController.m */ = {isa = PBXFileReference; fileEncoding = 4; lastKnownFileType = sourcecode.c.objc; path = ParseSignUpViewController.m; sourceTree = "<group>"; };
		3D43CF2E1C1F4E5B00118998 /* ParseResetPasswordViewController.h */ = {isa = PBXFileReference; fileEncoding = 4; lastKnownFileType = sourcecode.c.h; path = ParseResetPasswordViewController.h; sourceTree = "<group>"; };
		3D43CF2F1C1F4E5B00118998 /* ParseResetPasswordViewController.m */ = {isa = PBXFileReference; fileEncoding = 4; lastKnownFileType = sourcecode.c.objc; path = ParseResetPasswordViewController.m; sourceTree = "<group>"; };
		3D7264031C1F6BCC00ABEEFD /* TourSelectionViewController.h */ = {isa = PBXFileReference; fileEncoding = 4; lastKnownFileType = sourcecode.c.h; name = TourSelectionViewController.h; path = WalkingTours/TourSelectionViewController.h; sourceTree = "<group>"; };
		3D7264041C1F6BCC00ABEEFD /* TourSelectionViewController.m */ = {isa = PBXFileReference; fileEncoding = 4; lastKnownFileType = sourcecode.c.objc; name = TourSelectionViewController.m; path = WalkingTours/TourSelectionViewController.m; sourceTree = "<group>"; };
		3D7264061C1F716E00ABEEFD /* ParseLoginViewController.m */ = {isa = PBXFileReference; fileEncoding = 4; lastKnownFileType = sourcecode.c.objc; path = ParseLoginViewController.m; sourceTree = "<group>"; };
		3D9A586F1C2329F90056A624 /* sandfootprints 700h.jpg */ = {isa = PBXFileReference; lastKnownFileType = image.jpeg; path = "sandfootprints 700h.jpg"; sourceTree = "<group>"; };
		3D9A58711C232C180056A624 /* newyorkpin copy700h.jpg */ = {isa = PBXFileReference; lastKnownFileType = image.jpeg; path = "newyorkpin copy700h.jpg"; sourceTree = "<group>"; };
		3D9A58731C234BEB0056A624 /* seattlesunset copy700.jpg */ = {isa = PBXFileReference; lastKnownFileType = image.jpeg; path = "seattlesunset copy700.jpg"; sourceTree = "<group>"; };
		3D9A58771C234E6D0056A624 /* goldengatebridge copy700.jpg */ = {isa = PBXFileReference; lastKnownFileType = image.jpeg; path = "goldengatebridge copy700.jpg"; sourceTree = "<group>"; };
		3DC42F631C330D9A00037970 /* Walkabout-Tours29.png */ = {isa = PBXFileReference; lastKnownFileType = image.png; path = "Walkabout-Tours29.png"; sourceTree = "<group>"; };
		3DC42F651C330D9A00037970 /* Walkabout-Tours40.png */ = {isa = PBXFileReference; lastKnownFileType = image.png; path = "Walkabout-Tours40.png"; sourceTree = "<group>"; };
		3DC42F661C330D9A00037970 /* Walkabout-Tours58.png */ = {isa = PBXFileReference; lastKnownFileType = image.png; path = "Walkabout-Tours58.png"; sourceTree = "<group>"; };
		3DC42F671C330D9A00037970 /* Walkabout-Tours60.png */ = {isa = PBXFileReference; lastKnownFileType = image.png; path = "Walkabout-Tours60.png"; sourceTree = "<group>"; };
		3DC42F681C330D9A00037970 /* Walkabout-Tours76.png */ = {isa = PBXFileReference; lastKnownFileType = image.png; path = "Walkabout-Tours76.png"; sourceTree = "<group>"; };
		3DC42F691C330D9A00037970 /* Walkabout-Tours80.png */ = {isa = PBXFileReference; lastKnownFileType = image.png; path = "Walkabout-Tours80.png"; sourceTree = "<group>"; };
		3DC42F731C330DCB00037970 /* Walkabout-Tours87.png */ = {isa = PBXFileReference; lastKnownFileType = image.png; path = "Walkabout-Tours87.png"; sourceTree = "<group>"; };
		3DC42F751C330E1F00037970 /* Walkabout-Tours152.png */ = {isa = PBXFileReference; lastKnownFileType = image.png; path = "Walkabout-Tours152.png"; sourceTree = "<group>"; };
		90090C901C2339630040EE94 /* Rectangle 1.png */ = {isa = PBXFileReference; lastKnownFileType = image.png; path = "Rectangle 1.png"; sourceTree = "<group>"; };
		90090C911C2339630040EE94 /* Rectangle 1@2x.png */ = {isa = PBXFileReference; lastKnownFileType = image.png; path = "Rectangle 1@2x.png"; sourceTree = "<group>"; };
		90090C921C2339630040EE94 /* Rectangle 1@3x.png */ = {isa = PBXFileReference; lastKnownFileType = image.png; path = "Rectangle 1@3x.png"; sourceTree = "<group>"; };
		90090C931C2339630040EE94 /* Rectangle 2 Copy 2.png */ = {isa = PBXFileReference; lastKnownFileType = image.png; path = "Rectangle 2 Copy 2.png"; sourceTree = "<group>"; };
		90090C941C2339630040EE94 /* Rectangle 2 Copy 2@2x.png */ = {isa = PBXFileReference; lastKnownFileType = image.png; path = "Rectangle 2 Copy 2@2x.png"; sourceTree = "<group>"; };
		90090C951C2339630040EE94 /* Rectangle 2 Copy 2@3x.png */ = {isa = PBXFileReference; lastKnownFileType = image.png; path = "Rectangle 2 Copy 2@3x.png"; sourceTree = "<group>"; };
		90090C961C2339630040EE94 /* Rectangle 3 Copy.png */ = {isa = PBXFileReference; lastKnownFileType = image.png; path = "Rectangle 3 Copy.png"; sourceTree = "<group>"; };
		90090C971C2339630040EE94 /* Rectangle 3 Copy@2x.png */ = {isa = PBXFileReference; lastKnownFileType = image.png; path = "Rectangle 3 Copy@2x.png"; sourceTree = "<group>"; };
		90090C981C2339630040EE94 /* Rectangle 3 Copy@3x.png */ = {isa = PBXFileReference; lastKnownFileType = image.png; path = "Rectangle 3 Copy@3x.png"; sourceTree = "<group>"; };
		903177C61C1F3A9E001C8DF9 /* WalkingTours.app */ = {isa = PBXFileReference; explicitFileType = wrapper.application; includeInIndex = 0; path = WalkingTours.app; sourceTree = BUILT_PRODUCTS_DIR; };
		903177CA1C1F3A9E001C8DF9 /* main.m */ = {isa = PBXFileReference; lastKnownFileType = sourcecode.c.objc; path = main.m; sourceTree = "<group>"; };
		903177CC1C1F3A9E001C8DF9 /* AppDelegate.h */ = {isa = PBXFileReference; lastKnownFileType = sourcecode.c.h; path = AppDelegate.h; sourceTree = "<group>"; };
		903177CD1C1F3A9E001C8DF9 /* AppDelegate.m */ = {isa = PBXFileReference; lastKnownFileType = sourcecode.c.objc; path = AppDelegate.m; sourceTree = "<group>"; };
		903177D31C1F3A9E001C8DF9 /* Base */ = {isa = PBXFileReference; lastKnownFileType = file.storyboard; name = Base; path = Base.lproj/Main.storyboard; sourceTree = "<group>"; };
		903177D51C1F3A9E001C8DF9 /* Assets.xcassets */ = {isa = PBXFileReference; lastKnownFileType = folder.assetcatalog; path = Assets.xcassets; sourceTree = "<group>"; };
		903177D81C1F3A9E001C8DF9 /* Base */ = {isa = PBXFileReference; lastKnownFileType = file.storyboard; name = Base; path = Base.lproj/LaunchScreen.storyboard; sourceTree = "<group>"; };
		903177DA1C1F3A9E001C8DF9 /* Info.plist */ = {isa = PBXFileReference; lastKnownFileType = text.plist.xml; path = Info.plist; sourceTree = "<group>"; };
		903177DF1C1F3A9E001C8DF9 /* WalkingToursTests.xctest */ = {isa = PBXFileReference; explicitFileType = wrapper.cfbundle; includeInIndex = 0; path = WalkingToursTests.xctest; sourceTree = BUILT_PRODUCTS_DIR; };
		903177E31C1F3A9E001C8DF9 /* WalkingToursTests.m */ = {isa = PBXFileReference; lastKnownFileType = sourcecode.c.objc; path = WalkingToursTests.m; sourceTree = "<group>"; };
		903177E51C1F3A9E001C8DF9 /* Info.plist */ = {isa = PBXFileReference; lastKnownFileType = text.plist.xml; path = Info.plist; sourceTree = "<group>"; };
		903177EA1C1F3A9E001C8DF9 /* WalkingToursUITests.xctest */ = {isa = PBXFileReference; explicitFileType = wrapper.cfbundle; includeInIndex = 0; path = WalkingToursUITests.xctest; sourceTree = BUILT_PRODUCTS_DIR; };
		903177EE1C1F3A9E001C8DF9 /* WalkingToursUITests.m */ = {isa = PBXFileReference; lastKnownFileType = sourcecode.c.objc; path = WalkingToursUITests.m; sourceTree = "<group>"; };
		903177F01C1F3A9E001C8DF9 /* Info.plist */ = {isa = PBXFileReference; lastKnownFileType = text.plist.xml; path = Info.plist; sourceTree = "<group>"; };
		90380EF31C1F49160085DD66 /* Tour.h */ = {isa = PBXFileReference; fileEncoding = 4; lastKnownFileType = sourcecode.c.h; path = Tour.h; sourceTree = "<group>"; };
		90380EF41C1F49160085DD66 /* Tour.m */ = {isa = PBXFileReference; fileEncoding = 4; lastKnownFileType = sourcecode.c.objc; path = Tour.m; sourceTree = "<group>"; };
		90380EF61C1F4C590085DD66 /* Location.h */ = {isa = PBXFileReference; fileEncoding = 4; lastKnownFileType = sourcecode.c.h; path = Location.h; sourceTree = "<group>"; };
		90380EF71C1F4C590085DD66 /* Location.m */ = {isa = PBXFileReference; fileEncoding = 4; lastKnownFileType = sourcecode.c.objc; path = Location.m; sourceTree = "<group>"; };
		9050ECD71C1F78E80092CF86 /* VideoPlayerView.h */ = {isa = PBXFileReference; fileEncoding = 4; lastKnownFileType = sourcecode.c.h; path = VideoPlayerView.h; sourceTree = "<group>"; };
		9050ECD81C1F78E80092CF86 /* VideoPlayerView.m */ = {isa = PBXFileReference; fileEncoding = 4; lastKnownFileType = sourcecode.c.objc; path = VideoPlayerView.m; sourceTree = "<group>"; };
		9050ECDA1C1F7B920092CF86 /* TourDetailViewController.h */ = {isa = PBXFileReference; fileEncoding = 4; lastKnownFileType = sourcecode.c.h; path = TourDetailViewController.h; sourceTree = "<group>"; };
		9050ECDB1C1F7B920092CF86 /* TourDetailViewController.m */ = {isa = PBXFileReference; fileEncoding = 4; lastKnownFileType = sourcecode.c.objc; path = TourDetailViewController.m; sourceTree = "<group>"; };
		9050ECDD1C1F82F20092CF86 /* CreateTourDetailViewController.h */ = {isa = PBXFileReference; fileEncoding = 4; lastKnownFileType = sourcecode.c.h; path = CreateTourDetailViewController.h; sourceTree = "<group>"; };
		9050ECDE1C1F82F20092CF86 /* CreateTourDetailViewController.m */ = {isa = PBXFileReference; fileEncoding = 4; lastKnownFileType = sourcecode.c.objc; path = CreateTourDetailViewController.m; sourceTree = "<group>"; };
		9060186B1C3339A300B2E7A8 /* Polygon.geojson */ = {isa = PBXFileReference; lastKnownFileType = text; path = Polygon.geojson; sourceTree = "<group>"; };
		9067345F1C28AAF700DF76B1 /* Fabric.framework */ = {isa = PBXFileReference; lastKnownFileType = wrapper.framework; path = Fabric.framework; sourceTree = "<group>"; };
		906734601C28AAF700DF76B1 /* Crashlytics.framework */ = {isa = PBXFileReference; lastKnownFileType = wrapper.framework; path = Crashlytics.framework; sourceTree = "<group>"; };
		908AA8BF1C20972B00A7DF57 /* ParseService.h */ = {isa = PBXFileReference; fileEncoding = 4; lastKnownFileType = sourcecode.c.h; path = ParseService.h; sourceTree = "<group>"; };
		908AA8C01C20972B00A7DF57 /* ParseService.m */ = {isa = PBXFileReference; fileEncoding = 4; lastKnownFileType = sourcecode.c.objc; path = ParseService.m; sourceTree = "<group>"; };
		90AE88CE1C209290005536B4 /* CategoryTableViewCell.h */ = {isa = PBXFileReference; fileEncoding = 4; lastKnownFileType = sourcecode.c.h; path = CategoryTableViewCell.h; sourceTree = "<group>"; };
		90AE88CF1C209290005536B4 /* CategoryTableViewCell.m */ = {isa = PBXFileReference; fileEncoding = 4; lastKnownFileType = sourcecode.c.objc; path = CategoryTableViewCell.m; sourceTree = "<group>"; };
		90AE88D01C209290005536B4 /* CategoryTableViewCell.xib */ = {isa = PBXFileReference; fileEncoding = 4; lastKnownFileType = file.xib; path = CategoryTableViewCell.xib; sourceTree = "<group>"; };
		90F4E2291C1FA7B3002A75B2 /* CreateTourViewController.h */ = {isa = PBXFileReference; fileEncoding = 4; lastKnownFileType = sourcecode.c.h; name = CreateTourViewController.h; path = WalkingTours/CreateTourViewController.h; sourceTree = "<group>"; };
		90F4E22A1C1FA7B3002A75B2 /* CreateTourViewController.m */ = {isa = PBXFileReference; fileEncoding = 4; lastKnownFileType = sourcecode.c.objc; name = CreateTourViewController.m; path = WalkingTours/CreateTourViewController.m; sourceTree = "<group>"; };
		90FD33521C210AAA002FFD1A /* LocationTableViewCell.h */ = {isa = PBXFileReference; fileEncoding = 4; lastKnownFileType = sourcecode.c.h; path = LocationTableViewCell.h; sourceTree = "<group>"; };
		90FD33531C210AAA002FFD1A /* LocationTableViewCell.m */ = {isa = PBXFileReference; fileEncoding = 4; lastKnownFileType = sourcecode.c.objc; path = LocationTableViewCell.m; sourceTree = "<group>"; };
		90FD33541C210AAA002FFD1A /* LocationTableViewCell.xib */ = {isa = PBXFileReference; fileEncoding = 4; lastKnownFileType = file.xib; path = LocationTableViewCell.xib; sourceTree = "<group>"; };
		BF7EAC381C207FC40076E432 /* POIDetailTableViewCell.xib */ = {isa = PBXFileReference; fileEncoding = 4; lastKnownFileType = file.xib; path = POIDetailTableViewCell.xib; sourceTree = "<group>"; };
		BF7EAC3A1C2080160076E432 /* POIDetailTableViewCell.h */ = {isa = PBXFileReference; fileEncoding = 4; lastKnownFileType = sourcecode.c.h; path = POIDetailTableViewCell.h; sourceTree = "<group>"; };
		BF7EAC3B1C2080160076E432 /* POIDetailTableViewCell.m */ = {isa = PBXFileReference; fileEncoding = 4; lastKnownFileType = sourcecode.c.objc; path = POIDetailTableViewCell.m; sourceTree = "<group>"; };
		BF844F121C238F640025E651 /* MyExtension.h */ = {isa = PBXFileReference; fileEncoding = 4; lastKnownFileType = sourcecode.c.h; path = MyExtension.h; sourceTree = "<group>"; };
		BF844F131C238F640025E651 /* MyExtension.m */ = {isa = PBXFileReference; fileEncoding = 4; lastKnownFileType = sourcecode.c.objc; path = MyExtension.m; sourceTree = "<group>"; };
		BF844F181C239B5B0025E651 /* CustomAnnotation.h */ = {isa = PBXFileReference; fileEncoding = 4; lastKnownFileType = sourcecode.c.h; path = CustomAnnotation.h; sourceTree = "<group>"; };
		BF844F191C239B5B0025E651 /* CustomAnnotation.m */ = {isa = PBXFileReference; fileEncoding = 4; lastKnownFileType = sourcecode.c.objc; path = CustomAnnotation.m; sourceTree = "<group>"; };
		BF85AE501C29CA19004292E6 /* es-MX */ = {isa = PBXFileReference; lastKnownFileType = text.plist.strings; name = "es-MX"; path = "es-MX.lproj/Main.strings"; sourceTree = "<group>"; };
		BF85AE511C29CA19004292E6 /* es-MX */ = {isa = PBXFileReference; lastKnownFileType = text.plist.strings; name = "es-MX"; path = "es-MX.lproj/LaunchScreen.strings"; sourceTree = "<group>"; };
		BF85AE521C29CA27004292E6 /* pt-BR */ = {isa = PBXFileReference; lastKnownFileType = text.plist.strings; name = "pt-BR"; path = "pt-BR.lproj/Main.strings"; sourceTree = "<group>"; };
		BF85AE531C29CA27004292E6 /* pt-BR */ = {isa = PBXFileReference; lastKnownFileType = text.plist.strings; name = "pt-BR"; path = "pt-BR.lproj/LaunchScreen.strings"; sourceTree = "<group>"; };
		BF85AE571C29F3DE004292E6 /* es-MX */ = {isa = PBXFileReference; lastKnownFileType = text.plist.strings; name = "es-MX"; path = "es-MX.lproj/InfoPlist.strings"; sourceTree = "<group>"; };
		BF85AE5C1C29F3DE004292E6 /* es-MX */ = {isa = PBXFileReference; lastKnownFileType = text.plist.strings; name = "es-MX"; path = "es-MX.lproj/InfoPlist.strings"; sourceTree = "<group>"; };
		BF85AE611C29F3DF004292E6 /* es-MX */ = {isa = PBXFileReference; lastKnownFileType = text.plist.strings; name = "es-MX"; path = "es-MX.lproj/Localizable.strings"; sourceTree = "<group>"; };
		BF85AE661C29F3E0004292E6 /* es-MX */ = {isa = PBXFileReference; lastKnownFileType = text.plist.strings; name = "es-MX"; path = "es-MX.lproj/InfoPlist.strings"; sourceTree = "<group>"; };
		BF85AE681C29F409004292E6 /* pt-BR */ = {isa = PBXFileReference; lastKnownFileType = text.plist.strings; name = "pt-BR"; path = "pt-BR.lproj/InfoPlist.strings"; sourceTree = "<group>"; };
		BF85AE691C29F409004292E6 /* pt-BR */ = {isa = PBXFileReference; lastKnownFileType = text.plist.strings; name = "pt-BR"; path = "pt-BR.lproj/InfoPlist.strings"; sourceTree = "<group>"; };
		BF85AE6A1C29F409004292E6 /* pt-BR */ = {isa = PBXFileReference; lastKnownFileType = text.plist.strings; name = "pt-BR"; path = "pt-BR.lproj/Localizable.strings"; sourceTree = "<group>"; };
		BF85AE6B1C29F409004292E6 /* pt-BR */ = {isa = PBXFileReference; lastKnownFileType = text.plist.strings; name = "pt-BR"; path = "pt-BR.lproj/InfoPlist.strings"; sourceTree = "<group>"; };
		BFAD24CF1C20ECED009557DF /* TourListViewController.h */ = {isa = PBXFileReference; fileEncoding = 4; lastKnownFileType = sourcecode.c.h; path = TourListViewController.h; sourceTree = "<group>"; };
		BFAD24D01C20ECED009557DF /* TourListViewController.m */ = {isa = PBXFileReference; fileEncoding = 4; lastKnownFileType = sourcecode.c.objc; path = TourListViewController.m; sourceTree = "<group>"; };
		BFD441871C1F6574004F8CDE /* FindToursViewController.h */ = {isa = PBXFileReference; fileEncoding = 4; lastKnownFileType = sourcecode.c.h; path = FindToursViewController.h; sourceTree = "<group>"; };
		BFD441881C1F6574004F8CDE /* FindToursViewController.m */ = {isa = PBXFileReference; fileEncoding = 4; lastKnownFileType = sourcecode.c.objc; path = FindToursViewController.m; sourceTree = "<group>"; };
		BFD4418A1C1F6C21004F8CDE /* TourMapViewController.h */ = {isa = PBXFileReference; fileEncoding = 4; lastKnownFileType = sourcecode.c.h; path = TourMapViewController.h; sourceTree = "<group>"; };
		BFD4418B1C1F6C21004F8CDE /* TourMapViewController.m */ = {isa = PBXFileReference; fileEncoding = 4; lastKnownFileType = sourcecode.c.objc; path = TourMapViewController.m; sourceTree = "<group>"; };
/* End PBXFileReference section */

/* Begin PBXFrameworksBuildPhase section */
		903177C31C1F3A9E001C8DF9 /* Frameworks */ = {
			isa = PBXFrameworksBuildPhase;
			buildActionMask = 2147483647;
			files = (
				3D43CF101C1F41AB00118998 /* ParseFacebookUtils.framework in Frameworks */,
				3D43CF071C1F418E00118998 /* libsqlite3.0.tbd in Frameworks */,
				906734621C28AAF700DF76B1 /* Crashlytics.framework in Frameworks */,
				3D43CF051C1F418400118998 /* libz.1.1.3.tbd in Frameworks */,
				3D43CF031C1F417B00118998 /* SystemConfiguration.framework in Frameworks */,
				3D43CF0E1C1F41AB00118998 /* Bolts.framework in Frameworks */,
				906734611C28AAF700DF76B1 /* Fabric.framework in Frameworks */,
				3D43CF011C1F417100118998 /* StoreKit.framework in Frameworks */,
				3D43CF121C1F41AB00118998 /* ParseTwitterUtils.framework in Frameworks */,
				3D43CEFF1C1F416900118998 /* Security.framework in Frameworks */,
				3D43CF0F1C1F41AB00118998 /* Parse.framework in Frameworks */,
				3D43CF131C1F41AB00118998 /* ParseUI.framework in Frameworks */,
				3D43CEFD1C1F416000118998 /* QuartzCore.framework in Frameworks */,
				3D43CEFB1C1F415500118998 /* CoreLocation.framework in Frameworks */,
				3D43CEF91C1F414E00118998 /* MapKit.framework in Frameworks */,
				3D43CEF71C1F414800118998 /* CoreGraphics.framework in Frameworks */,
				3D43CEF51C1F414100118998 /* CFNetwork.framework in Frameworks */,
				3D43CEF31C1F413A00118998 /* AudioToolbox.framework in Frameworks */,
				3D43CF111C1F41AB00118998 /* ParseFacebookUtilsV4.framework in Frameworks */,
			);
			runOnlyForDeploymentPostprocessing = 0;
		};
		903177DC1C1F3A9E001C8DF9 /* Frameworks */ = {
			isa = PBXFrameworksBuildPhase;
			buildActionMask = 2147483647;
			files = (
			);
			runOnlyForDeploymentPostprocessing = 0;
		};
		903177E71C1F3A9E001C8DF9 /* Frameworks */ = {
			isa = PBXFrameworksBuildPhase;
			buildActionMask = 2147483647;
			files = (
			);
			runOnlyForDeploymentPostprocessing = 0;
		};
/* End PBXFrameworksBuildPhase section */

/* Begin PBXGroup section */
		3D43CEF11C1F40DE00118998 /* Frameworks */ = {
			isa = PBXGroup;
			children = (
				3D43CF081C1F41AB00118998 /* Bolts.framework */,
				3D43CF091C1F41AB00118998 /* Parse.framework */,
				3D43CF0A1C1F41AB00118998 /* ParseFacebookUtils.framework */,
				3D43CF0B1C1F41AB00118998 /* ParseFacebookUtilsV4.framework */,
				3D43CF0C1C1F41AB00118998 /* ParseTwitterUtils.framework */,
				3D43CF0D1C1F41AB00118998 /* ParseUI.framework */,
				3D43CF061C1F418E00118998 /* libsqlite3.0.tbd */,
				3D43CF041C1F418400118998 /* libz.1.1.3.tbd */,
				9067345F1C28AAF700DF76B1 /* Fabric.framework */,
				906734601C28AAF700DF76B1 /* Crashlytics.framework */,
				3D43CF021C1F417B00118998 /* SystemConfiguration.framework */,
				3D43CF001C1F417100118998 /* StoreKit.framework */,
				3D43CEFE1C1F416900118998 /* Security.framework */,
				3D43CEFC1C1F416000118998 /* QuartzCore.framework */,
				3D43CEFA1C1F415500118998 /* CoreLocation.framework */,
				3D43CEF81C1F414E00118998 /* MapKit.framework */,
				3D43CEF61C1F414800118998 /* CoreGraphics.framework */,
				3D43CEF41C1F414100118998 /* CFNetwork.framework */,
				3D43CEF21C1F413A00118998 /* AudioToolbox.framework */,
			);
			name = Frameworks;
			sourceTree = "<group>";
		};
		3D43CF271C1F47D600118998 /* PARSE */ = {
			isa = PBXGroup;
			children = (
				908AA8BF1C20972B00A7DF57 /* ParseService.h */,
				908AA8C01C20972B00A7DF57 /* ParseService.m */,
				3D43CF281C1F47F400118998 /* ParseLoginViewController.h */,
				3D7264061C1F716E00ABEEFD /* ParseLoginViewController.m */,
				3D43CF2B1C1F4E4D00118998 /* ParseSignUpViewController.h */,
				3D43CF2C1C1F4E4D00118998 /* ParseSignUpViewController.m */,
				3D43CF2E1C1F4E5B00118998 /* ParseResetPasswordViewController.h */,
				3D43CF2F1C1F4E5B00118998 /* ParseResetPasswordViewController.m */,
				3D7264031C1F6BCC00ABEEFD /* TourSelectionViewController.h */,
				3D7264041C1F6BCC00ABEEFD /* TourSelectionViewController.m */,
				BF844F181C239B5B0025E651 /* CustomAnnotation.h */,
				BF844F191C239B5B0025E651 /* CustomAnnotation.m */,
			);
			name = PARSE;
			sourceTree = "<group>";
		};
		903177BD1C1F3A9E001C8DF9 = {
			isa = PBXGroup;
			children = (
				9050ECD71C1F78E80092CF86 /* VideoPlayerView.h */,
				9050ECD81C1F78E80092CF86 /* VideoPlayerView.m */,
				3D43CF271C1F47D600118998 /* PARSE */,
				903177C81C1F3A9E001C8DF9 /* WalkingTours */,
				903177E21C1F3A9E001C8DF9 /* WalkingToursTests */,
				903177ED1C1F3A9E001C8DF9 /* WalkingToursUITests */,
				903177C71C1F3A9E001C8DF9 /* Products */,
				3D43CEF11C1F40DE00118998 /* Frameworks */,
			);
			sourceTree = "<group>";
		};
		903177C71C1F3A9E001C8DF9 /* Products */ = {
			isa = PBXGroup;
			children = (
				903177C61C1F3A9E001C8DF9 /* WalkingTours.app */,
				903177DF1C1F3A9E001C8DF9 /* WalkingToursTests.xctest */,
				903177EA1C1F3A9E001C8DF9 /* WalkingToursUITests.xctest */,
			);
			name = Products;
			sourceTree = "<group>";
		};
		903177C81C1F3A9E001C8DF9 /* WalkingTours */ = {
			isa = PBXGroup;
			children = (
				BF85AE671C29F3E0004292E6 /* InfoPlist.strings */,
				BF85AE621C29F3DF004292E6 /* Localizable.strings */,
				BF7EAC3D1C2085B20076E432 /* Controllers */,
				BF7EAC411C20863D0076E432 /* CustomCell */,
				BF7EAC401C2086020076E432 /* Views */,
				90380EF21C1F48730085DD66 /* Models */,
				903177CC1C1F3A9E001C8DF9 /* AppDelegate.h */,
				903177CD1C1F3A9E001C8DF9 /* AppDelegate.m */,
				903177D51C1F3A9E001C8DF9 /* Assets.xcassets */,
				3D33EFEB1C4433F3003BA45A /* share.png */,
				90090C901C2339630040EE94 /* Rectangle 1.png */,
				90090C911C2339630040EE94 /* Rectangle 1@2x.png */,
				90090C921C2339630040EE94 /* Rectangle 1@3x.png */,
				90090C931C2339630040EE94 /* Rectangle 2 Copy 2.png */,
				90090C941C2339630040EE94 /* Rectangle 2 Copy 2@2x.png */,
				90090C951C2339630040EE94 /* Rectangle 2 Copy 2@3x.png */,
				90090C961C2339630040EE94 /* Rectangle 3 Copy.png */,
				90090C971C2339630040EE94 /* Rectangle 3 Copy@2x.png */,
				90090C981C2339630040EE94 /* Rectangle 3 Copy@3x.png */,
				903177DA1C1F3A9E001C8DF9 /* Info.plist */,
				9060186B1C3339A300B2E7A8 /* Polygon.geojson */,
				903177C91C1F3A9E001C8DF9 /* Supporting Files */,
				3D9A58731C234BEB0056A624 /* seattlesunset copy700.jpg */,
				3DC42F631C330D9A00037970 /* Walkabout-Tours29.png */,
				3DC42F651C330D9A00037970 /* Walkabout-Tours40.png */,
				3DC42F661C330D9A00037970 /* Walkabout-Tours58.png */,
				3DC42F671C330D9A00037970 /* Walkabout-Tours60.png */,
				3DC42F681C330D9A00037970 /* Walkabout-Tours76.png */,
				3DC42F691C330D9A00037970 /* Walkabout-Tours80.png */,
				3DC42F731C330DCB00037970 /* Walkabout-Tours87.png */,
				3DC42F751C330E1F00037970 /* Walkabout-Tours152.png */,
				3D9A58771C234E6D0056A624 /* goldengatebridge copy700.jpg */,
				3D9A586F1C2329F90056A624 /* sandfootprints 700h.jpg */,
				3D9A58711C232C180056A624 /* newyorkpin copy700h.jpg */,
			);
			path = WalkingTours;
			sourceTree = "<group>";
		};
		903177C91C1F3A9E001C8DF9 /* Supporting Files */ = {
			isa = PBXGroup;
			children = (
				903177CA1C1F3A9E001C8DF9 /* main.m */,
			);
			name = "Supporting Files";
			sourceTree = "<group>";
		};
		903177E21C1F3A9E001C8DF9 /* WalkingToursTests */ = {
			isa = PBXGroup;
			children = (
				BF85AE581C29F3DE004292E6 /* InfoPlist.strings */,
				903177E31C1F3A9E001C8DF9 /* WalkingToursTests.m */,
				903177E51C1F3A9E001C8DF9 /* Info.plist */,
			);
			path = WalkingToursTests;
			sourceTree = "<group>";
		};
		903177ED1C1F3A9E001C8DF9 /* WalkingToursUITests */ = {
			isa = PBXGroup;
			children = (
				BF85AE5D1C29F3DE004292E6 /* InfoPlist.strings */,
				903177EE1C1F3A9E001C8DF9 /* WalkingToursUITests.m */,
				903177F01C1F3A9E001C8DF9 /* Info.plist */,
			);
			path = WalkingToursUITests;
			sourceTree = "<group>";
		};
		90380EF21C1F48730085DD66 /* Models */ = {
			isa = PBXGroup;
			children = (
				90380EF31C1F49160085DD66 /* Tour.h */,
				90380EF41C1F49160085DD66 /* Tour.m */,
				90380EF61C1F4C590085DD66 /* Location.h */,
				90380EF71C1F4C590085DD66 /* Location.m */,
			);
			name = Models;
			sourceTree = "<group>";
		};
		BF7EAC3D1C2085B20076E432 /* Controllers */ = {
			isa = PBXGroup;
			children = (
				BF7EAC3E1C2085DD0076E432 /* Tours */,
				BF7EAC3F1C2085E60076E432 /* Create */,
			);
			name = Controllers;
			path = ..;
			sourceTree = "<group>";
		};
		BF7EAC3E1C2085DD0076E432 /* Tours */ = {
			isa = PBXGroup;
			children = (
				BFD441871C1F6574004F8CDE /* FindToursViewController.h */,
				BFD441881C1F6574004F8CDE /* FindToursViewController.m */,
				BF844F121C238F640025E651 /* MyExtension.h */,
				BF844F131C238F640025E651 /* MyExtension.m */,
				BFD4418A1C1F6C21004F8CDE /* TourMapViewController.h */,
				BFD4418B1C1F6C21004F8CDE /* TourMapViewController.m */,
				BFAD24CF1C20ECED009557DF /* TourListViewController.h */,
				BFAD24D01C20ECED009557DF /* TourListViewController.m */,
				9050ECDA1C1F7B920092CF86 /* TourDetailViewController.h */,
				9050ECDB1C1F7B920092CF86 /* TourDetailViewController.m */,
			);
			name = Tours;
			sourceTree = "<group>";
		};
		BF7EAC3F1C2085E60076E432 /* Create */ = {
			isa = PBXGroup;
			children = (
				90F4E2291C1FA7B3002A75B2 /* CreateTourViewController.h */,
				90F4E22A1C1FA7B3002A75B2 /* CreateTourViewController.m */,
				9050ECDD1C1F82F20092CF86 /* CreateTourDetailViewController.h */,
				9050ECDE1C1F82F20092CF86 /* CreateTourDetailViewController.m */,
				90AE88CE1C209290005536B4 /* CategoryTableViewCell.h */,
				90AE88CF1C209290005536B4 /* CategoryTableViewCell.m */,
			);
			name = Create;
			sourceTree = "<group>";
		};
		BF7EAC401C2086020076E432 /* Views */ = {
			isa = PBXGroup;
			children = (
				903177D21C1F3A9E001C8DF9 /* Main.storyboard */,
				90AE88D01C209290005536B4 /* CategoryTableViewCell.xib */,
				BF7EAC381C207FC40076E432 /* POIDetailTableViewCell.xib */,
				903177D71C1F3A9E001C8DF9 /* LaunchScreen.storyboard */,
				90FD33541C210AAA002FFD1A /* LocationTableViewCell.xib */,
			);
			name = Views;
			path = ..;
			sourceTree = "<group>";
		};
		BF7EAC411C20863D0076E432 /* CustomCell */ = {
			isa = PBXGroup;
			children = (
				90FD33521C210AAA002FFD1A /* LocationTableViewCell.h */,
				90FD33531C210AAA002FFD1A /* LocationTableViewCell.m */,
				BF7EAC3A1C2080160076E432 /* POIDetailTableViewCell.h */,
				BF7EAC3B1C2080160076E432 /* POIDetailTableViewCell.m */,
			);
			name = CustomCell;
			path = ..;
			sourceTree = "<group>";
		};
/* End PBXGroup section */

/* Begin PBXNativeTarget section */
		903177C51C1F3A9E001C8DF9 /* WalkingTours */ = {
			isa = PBXNativeTarget;
			buildConfigurationList = 903177F31C1F3A9E001C8DF9 /* Build configuration list for PBXNativeTarget "WalkingTours" */;
			buildPhases = (
				903177C21C1F3A9E001C8DF9 /* Sources */,
				903177C31C1F3A9E001C8DF9 /* Frameworks */,
				903177C41C1F3A9E001C8DF9 /* Resources */,
				9067345E1C28AAD500DF76B1 /* ShellScript */,
			);
			buildRules = (
			);
			dependencies = (
			);
			name = WalkingTours;
			productName = WalkingTours;
			productReference = 903177C61C1F3A9E001C8DF9 /* WalkingTours.app */;
			productType = "com.apple.product-type.application";
		};
		903177DE1C1F3A9E001C8DF9 /* WalkingToursTests */ = {
			isa = PBXNativeTarget;
			buildConfigurationList = 903177F61C1F3A9E001C8DF9 /* Build configuration list for PBXNativeTarget "WalkingToursTests" */;
			buildPhases = (
				903177DB1C1F3A9E001C8DF9 /* Sources */,
				903177DC1C1F3A9E001C8DF9 /* Frameworks */,
				903177DD1C1F3A9E001C8DF9 /* Resources */,
			);
			buildRules = (
			);
			dependencies = (
				903177E11C1F3A9E001C8DF9 /* PBXTargetDependency */,
			);
			name = WalkingToursTests;
			productName = WalkingToursTests;
			productReference = 903177DF1C1F3A9E001C8DF9 /* WalkingToursTests.xctest */;
			productType = "com.apple.product-type.bundle.unit-test";
		};
		903177E91C1F3A9E001C8DF9 /* WalkingToursUITests */ = {
			isa = PBXNativeTarget;
			buildConfigurationList = 903177F91C1F3A9E001C8DF9 /* Build configuration list for PBXNativeTarget "WalkingToursUITests" */;
			buildPhases = (
				903177E61C1F3A9E001C8DF9 /* Sources */,
				903177E71C1F3A9E001C8DF9 /* Frameworks */,
				903177E81C1F3A9E001C8DF9 /* Resources */,
			);
			buildRules = (
			);
			dependencies = (
				903177EC1C1F3A9E001C8DF9 /* PBXTargetDependency */,
			);
			name = WalkingToursUITests;
			productName = WalkingToursUITests;
			productReference = 903177EA1C1F3A9E001C8DF9 /* WalkingToursUITests.xctest */;
			productType = "com.apple.product-type.bundle.ui-testing";
		};
/* End PBXNativeTarget section */

/* Begin PBXProject section */
		903177BE1C1F3A9E001C8DF9 /* Project object */ = {
			isa = PBXProject;
			attributes = {
				LastUpgradeCheck = 0710;
				ORGANIZATIONNAME = "Lindsey Boggio";
				TargetAttributes = {
					903177C51C1F3A9E001C8DF9 = {
						CreatedOnToolsVersion = 7.1.1;
						DevelopmentTeam = C49MT2F2AS;
					};
					903177DE1C1F3A9E001C8DF9 = {
						CreatedOnToolsVersion = 7.1.1;
						TestTargetID = 903177C51C1F3A9E001C8DF9;
					};
					903177E91C1F3A9E001C8DF9 = {
						CreatedOnToolsVersion = 7.1.1;
						TestTargetID = 903177C51C1F3A9E001C8DF9;
					};
				};
			};
			buildConfigurationList = 903177C11C1F3A9E001C8DF9 /* Build configuration list for PBXProject "WalkingTours" */;
			compatibilityVersion = "Xcode 3.2";
			developmentRegion = English;
			hasScannedForEncodings = 0;
			knownRegions = (
				en,
				Base,
			);
			mainGroup = 903177BD1C1F3A9E001C8DF9;
			productRefGroup = 903177C71C1F3A9E001C8DF9 /* Products */;
			projectDirPath = "";
			projectRoot = "";
			targets = (
				903177C51C1F3A9E001C8DF9 /* WalkingTours */,
				903177DE1C1F3A9E001C8DF9 /* WalkingToursTests */,
				903177E91C1F3A9E001C8DF9 /* WalkingToursUITests */,
			);
		};
/* End PBXProject section */

/* Begin PBXResourcesBuildPhase section */
		903177C41C1F3A9E001C8DF9 /* Resources */ = {
			isa = PBXResourcesBuildPhase;
			buildActionMask = 2147483647;
			files = (
				3DC42F6D1C330D9A00037970 /* Walkabout-Tours40.png in Resources */,
				90090C9D1C2339630040EE94 /* Rectangle 2 Copy 2@2x.png in Resources */,
				90AE88D21C209290005536B4 /* CategoryTableViewCell.xib in Resources */,
				3D9A58701C2329F90056A624 /* sandfootprints 700h.jpg in Resources */,
				3DC42F711C330D9A00037970 /* Walkabout-Tours80.png in Resources */,
				3D9A58781C234E6D0056A624 /* goldengatebridge copy700.jpg in Resources */,
				90FD33561C210AAA002FFD1A /* LocationTableViewCell.xib in Resources */,
				90090C9F1C2339630040EE94 /* Rectangle 3 Copy.png in Resources */,
				BF85AE651C29F3E0004292E6 /* InfoPlist.strings in Resources */,
				3DC42F6F1C330D9A00037970 /* Walkabout-Tours60.png in Resources */,
				3DC42F6B1C330D9A00037970 /* Walkabout-Tours29.png in Resources */,
				90090C9B1C2339630040EE94 /* Rectangle 1@3x.png in Resources */,
				BF85AE601C29F3DF004292E6 /* Localizable.strings in Resources */,
				903177D91C1F3A9E001C8DF9 /* LaunchScreen.storyboard in Resources */,
				3DC42F761C330E1F00037970 /* Walkabout-Tours152.png in Resources */,
				BF7EAC391C207FC40076E432 /* POIDetailTableViewCell.xib in Resources */,
				903177D61C1F3A9E001C8DF9 /* Assets.xcassets in Resources */,
				903177D41C1F3A9E001C8DF9 /* Main.storyboard in Resources */,
				3DC42F6E1C330D9A00037970 /* Walkabout-Tours58.png in Resources */,
				3D33EFEC1C4433F3003BA45A /* share.png in Resources */,
				3DC42F701C330D9A00037970 /* Walkabout-Tours76.png in Resources */,
				90090C9A1C2339630040EE94 /* Rectangle 1@2x.png in Resources */,
				3D9A58721C232C180056A624 /* newyorkpin copy700h.jpg in Resources */,
				3DC42F741C330DCB00037970 /* Walkabout-Tours87.png in Resources */,
				3D9A58741C234BEB0056A624 /* seattlesunset copy700.jpg in Resources */,
			);
			runOnlyForDeploymentPostprocessing = 0;
		};
		903177DD1C1F3A9E001C8DF9 /* Resources */ = {
			isa = PBXResourcesBuildPhase;
			buildActionMask = 2147483647;
			files = (
				BF85AE561C29F3DE004292E6 /* InfoPlist.strings in Resources */,
			);
			runOnlyForDeploymentPostprocessing = 0;
		};
		903177E81C1F3A9E001C8DF9 /* Resources */ = {
			isa = PBXResourcesBuildPhase;
			buildActionMask = 2147483647;
			files = (
				BF85AE5B1C29F3DE004292E6 /* InfoPlist.strings in Resources */,
			);
			runOnlyForDeploymentPostprocessing = 0;
		};
/* End PBXResourcesBuildPhase section */

/* Begin PBXShellScriptBuildPhase section */
		9067345E1C28AAD500DF76B1 /* ShellScript */ = {
			isa = PBXShellScriptBuildPhase;
			buildActionMask = 2147483647;
			files = (
			);
			inputPaths = (
			);
			outputPaths = (
			);
			runOnlyForDeploymentPostprocessing = 0;
			shellPath = /bin/sh;
			shellScript = "./Fabric.framework/run d2670f4cba4ee6201633340ca53ec0ea2488d3b5 54ee1ec56bbcd4d9f0cc28b0d615c86f8b9a3f6f15a6e8be64d51b2850a70aa9";
		};
/* End PBXShellScriptBuildPhase section */

/* Begin PBXSourcesBuildPhase section */
		903177C21C1F3A9E001C8DF9 /* Sources */ = {
			isa = PBXSourcesBuildPhase;
			buildActionMask = 2147483647;
			files = (
				3D7264071C1F716E00ABEEFD /* ParseLoginViewController.m in Sources */,
				BF7EAC3C1C2080160076E432 /* POIDetailTableViewCell.m in Sources */,
				90FD33551C210AAA002FFD1A /* LocationTableViewCell.m in Sources */,
				3D43CF2D1C1F4E4D00118998 /* ParseSignUpViewController.m in Sources */,
				90F4E22B1C1FA7B3002A75B2 /* CreateTourViewController.m in Sources */,
				BF844F141C238F650025E651 /* MyExtension.m in Sources */,
				BFD441891C1F6574004F8CDE /* FindToursViewController.m in Sources */,
				9050ECDF1C1F82F20092CF86 /* CreateTourDetailViewController.m in Sources */,
				90380EF81C1F4C590085DD66 /* Location.m in Sources */,
				3D43CF301C1F4E5B00118998 /* ParseResetPasswordViewController.m in Sources */,
				BFD4418C1C1F6C21004F8CDE /* TourMapViewController.m in Sources */,
				9050ECD91C1F78E80092CF86 /* VideoPlayerView.m in Sources */,
				903177CE1C1F3A9E001C8DF9 /* AppDelegate.m in Sources */,
				90AE88D11C209290005536B4 /* CategoryTableViewCell.m in Sources */,
				908AA8C11C20972B00A7DF57 /* ParseService.m in Sources */,
				9050ECDC1C1F7B920092CF86 /* TourDetailViewController.m in Sources */,
				BFAD24D11C20ECED009557DF /* TourListViewController.m in Sources */,
				BF844F1A1C239B5B0025E651 /* CustomAnnotation.m in Sources */,
				903177CB1C1F3A9E001C8DF9 /* main.m in Sources */,
				90380EF51C1F49160085DD66 /* Tour.m in Sources */,
				3D7264051C1F6BCC00ABEEFD /* TourSelectionViewController.m in Sources */,
			);
			runOnlyForDeploymentPostprocessing = 0;
		};
		903177DB1C1F3A9E001C8DF9 /* Sources */ = {
			isa = PBXSourcesBuildPhase;
			buildActionMask = 2147483647;
			files = (
				903177E41C1F3A9E001C8DF9 /* WalkingToursTests.m in Sources */,
			);
			runOnlyForDeploymentPostprocessing = 0;
		};
		903177E61C1F3A9E001C8DF9 /* Sources */ = {
			isa = PBXSourcesBuildPhase;
			buildActionMask = 2147483647;
			files = (
				903177EF1C1F3A9E001C8DF9 /* WalkingToursUITests.m in Sources */,
			);
			runOnlyForDeploymentPostprocessing = 0;
		};
/* End PBXSourcesBuildPhase section */

/* Begin PBXTargetDependency section */
		903177E11C1F3A9E001C8DF9 /* PBXTargetDependency */ = {
			isa = PBXTargetDependency;
			target = 903177C51C1F3A9E001C8DF9 /* WalkingTours */;
			targetProxy = 903177E01C1F3A9E001C8DF9 /* PBXContainerItemProxy */;
		};
		903177EC1C1F3A9E001C8DF9 /* PBXTargetDependency */ = {
			isa = PBXTargetDependency;
			target = 903177C51C1F3A9E001C8DF9 /* WalkingTours */;
			targetProxy = 903177EB1C1F3A9E001C8DF9 /* PBXContainerItemProxy */;
		};
/* End PBXTargetDependency section */

/* Begin PBXVariantGroup section */
		903177D21C1F3A9E001C8DF9 /* Main.storyboard */ = {
			isa = PBXVariantGroup;
			children = (
				903177D31C1F3A9E001C8DF9 /* Base */,
				BF85AE501C29CA19004292E6 /* es-MX */,
				BF85AE521C29CA27004292E6 /* pt-BR */,
			);
			name = Main.storyboard;
			path = WalkingTours;
			sourceTree = "<group>";
		};
		903177D71C1F3A9E001C8DF9 /* LaunchScreen.storyboard */ = {
			isa = PBXVariantGroup;
			children = (
				903177D81C1F3A9E001C8DF9 /* Base */,
				BF85AE511C29CA19004292E6 /* es-MX */,
				BF85AE531C29CA27004292E6 /* pt-BR */,
			);
			name = LaunchScreen.storyboard;
			path = WalkingTours;
			sourceTree = "<group>";
		};
		BF85AE581C29F3DE004292E6 /* InfoPlist.strings */ = {
			isa = PBXVariantGroup;
			children = (
				BF85AE571C29F3DE004292E6 /* es-MX */,
				BF85AE681C29F409004292E6 /* pt-BR */,
			);
			name = InfoPlist.strings;
			sourceTree = "<group>";
		};
		BF85AE5D1C29F3DE004292E6 /* InfoPlist.strings */ = {
			isa = PBXVariantGroup;
			children = (
				BF85AE5C1C29F3DE004292E6 /* es-MX */,
				BF85AE691C29F409004292E6 /* pt-BR */,
			);
			name = InfoPlist.strings;
			sourceTree = "<group>";
		};
		BF85AE621C29F3DF004292E6 /* Localizable.strings */ = {
			isa = PBXVariantGroup;
			children = (
				BF85AE611C29F3DF004292E6 /* es-MX */,
				BF85AE6A1C29F409004292E6 /* pt-BR */,
			);
			name = Localizable.strings;
			sourceTree = "<group>";
		};
		BF85AE671C29F3E0004292E6 /* InfoPlist.strings */ = {
			isa = PBXVariantGroup;
			children = (
				BF85AE661C29F3E0004292E6 /* es-MX */,
				BF85AE6B1C29F409004292E6 /* pt-BR */,
			);
			name = InfoPlist.strings;
			sourceTree = "<group>";
		};
/* End PBXVariantGroup section */

/* Begin XCBuildConfiguration section */
		903177F11C1F3A9E001C8DF9 /* Debug */ = {
			isa = XCBuildConfiguration;
			buildSettings = {
				ALWAYS_SEARCH_USER_PATHS = NO;
				CLANG_CXX_LANGUAGE_STANDARD = "gnu++0x";
				CLANG_CXX_LIBRARY = "libc++";
				CLANG_ENABLE_MODULES = YES;
				CLANG_ENABLE_OBJC_ARC = YES;
				CLANG_WARN_BOOL_CONVERSION = YES;
				CLANG_WARN_CONSTANT_CONVERSION = YES;
				CLANG_WARN_DIRECT_OBJC_ISA_USAGE = YES_ERROR;
				CLANG_WARN_EMPTY_BODY = YES;
				CLANG_WARN_ENUM_CONVERSION = YES;
				CLANG_WARN_INT_CONVERSION = YES;
				CLANG_WARN_OBJC_ROOT_CLASS = YES_ERROR;
				CLANG_WARN_UNREACHABLE_CODE = YES;
				CLANG_WARN__DUPLICATE_METHOD_MATCH = YES;
				"CODE_SIGN_IDENTITY[sdk=iphoneos*]" = "iPhone Developer";
				COPY_PHASE_STRIP = NO;
				DEBUG_INFORMATION_FORMAT = dwarf;
				ENABLE_STRICT_OBJC_MSGSEND = YES;
				ENABLE_TESTABILITY = YES;
				GCC_C_LANGUAGE_STANDARD = gnu99;
				GCC_DYNAMIC_NO_PIC = NO;
				GCC_NO_COMMON_BLOCKS = YES;
				GCC_OPTIMIZATION_LEVEL = 0;
				GCC_PREPROCESSOR_DEFINITIONS = (
					"DEBUG=1",
					"$(inherited)",
				);
				GCC_WARN_64_TO_32_BIT_CONVERSION = YES;
				GCC_WARN_ABOUT_RETURN_TYPE = YES_ERROR;
				GCC_WARN_UNDECLARED_SELECTOR = YES;
				GCC_WARN_UNINITIALIZED_AUTOS = YES_AGGRESSIVE;
				GCC_WARN_UNUSED_FUNCTION = YES;
				GCC_WARN_UNUSED_VARIABLE = YES;
				IPHONEOS_DEPLOYMENT_TARGET = 9.1;
				MTL_ENABLE_DEBUG_INFO = YES;
				ONLY_ACTIVE_ARCH = YES;
				SDKROOT = iphoneos;
				TARGETED_DEVICE_FAMILY = "1,2";
			};
			name = Debug;
		};
		903177F21C1F3A9E001C8DF9 /* Release */ = {
			isa = XCBuildConfiguration;
			buildSettings = {
				ALWAYS_SEARCH_USER_PATHS = NO;
				CLANG_CXX_LANGUAGE_STANDARD = "gnu++0x";
				CLANG_CXX_LIBRARY = "libc++";
				CLANG_ENABLE_MODULES = YES;
				CLANG_ENABLE_OBJC_ARC = YES;
				CLANG_WARN_BOOL_CONVERSION = YES;
				CLANG_WARN_CONSTANT_CONVERSION = YES;
				CLANG_WARN_DIRECT_OBJC_ISA_USAGE = YES_ERROR;
				CLANG_WARN_EMPTY_BODY = YES;
				CLANG_WARN_ENUM_CONVERSION = YES;
				CLANG_WARN_INT_CONVERSION = YES;
				CLANG_WARN_OBJC_ROOT_CLASS = YES_ERROR;
				CLANG_WARN_UNREACHABLE_CODE = YES;
				CLANG_WARN__DUPLICATE_METHOD_MATCH = YES;
				"CODE_SIGN_IDENTITY[sdk=iphoneos*]" = "iPhone Developer";
				COPY_PHASE_STRIP = NO;
				DEBUG_INFORMATION_FORMAT = "dwarf-with-dsym";
				ENABLE_NS_ASSERTIONS = NO;
				ENABLE_STRICT_OBJC_MSGSEND = YES;
				GCC_C_LANGUAGE_STANDARD = gnu99;
				GCC_NO_COMMON_BLOCKS = YES;
				GCC_WARN_64_TO_32_BIT_CONVERSION = YES;
				GCC_WARN_ABOUT_RETURN_TYPE = YES_ERROR;
				GCC_WARN_UNDECLARED_SELECTOR = YES;
				GCC_WARN_UNINITIALIZED_AUTOS = YES_AGGRESSIVE;
				GCC_WARN_UNUSED_FUNCTION = YES;
				GCC_WARN_UNUSED_VARIABLE = YES;
				IPHONEOS_DEPLOYMENT_TARGET = 9.1;
				MTL_ENABLE_DEBUG_INFO = NO;
				SDKROOT = iphoneos;
				TARGETED_DEVICE_FAMILY = "1,2";
				VALIDATE_PRODUCT = YES;
			};
			name = Release;
		};
		903177F41C1F3A9E001C8DF9 /* Debug */ = {
			isa = XCBuildConfiguration;
			buildSettings = {
				ASSETCATALOG_COMPILER_APPICON_NAME = AppIcon;
				CODE_SIGN_IDENTITY = "iPhone Developer";
				"CODE_SIGN_IDENTITY[sdk=iphoneos*]" = "iPhone Developer";
				DEBUG_INFORMATION_FORMAT = "dwarf-with-dsym";
				FRAMEWORK_SEARCH_PATHS = (
					"$(inherited)",
					"$(PROJECT_DIR)",
				);
				INFOPLIST_FILE = WalkingTours/Info.plist;
				IPHONEOS_DEPLOYMENT_TARGET = 8.0;
				LD_RUNPATH_SEARCH_PATHS = "$(inherited) @executable_path/Frameworks";
				PRODUCT_BUNDLE_IDENTIFIER = com.creeperspeak.WalkingTours;
				PRODUCT_NAME = "$(TARGET_NAME)";
				PROVISIONING_PROFILE = "";
			};
			name = Debug;
		};
		903177F51C1F3A9E001C8DF9 /* Release */ = {
			isa = XCBuildConfiguration;
			buildSettings = {
				ASSETCATALOG_COMPILER_APPICON_NAME = AppIcon;
				CODE_SIGN_IDENTITY = "iPhone Developer";
				"CODE_SIGN_IDENTITY[sdk=iphoneos*]" = "iPhone Developer";
				FRAMEWORK_SEARCH_PATHS = (
					"$(inherited)",
					"$(PROJECT_DIR)",
				);
				INFOPLIST_FILE = WalkingTours/Info.plist;
				IPHONEOS_DEPLOYMENT_TARGET = 8.0;
				LD_RUNPATH_SEARCH_PATHS = "$(inherited) @executable_path/Frameworks";
				PRODUCT_BUNDLE_IDENTIFIER = com.creeperspeak.WalkingTours;
				PRODUCT_NAME = "$(TARGET_NAME)";
				PROVISIONING_PROFILE = "";
			};
			name = Release;
		};
		903177F71C1F3A9E001C8DF9 /* Debug */ = {
			isa = XCBuildConfiguration;
			buildSettings = {
				BUNDLE_LOADER = "$(TEST_HOST)";
				INFOPLIST_FILE = WalkingToursTests/Info.plist;
				LD_RUNPATH_SEARCH_PATHS = "$(inherited) @executable_path/Frameworks @loader_path/Frameworks";
				PRODUCT_BUNDLE_IDENTIFIER = "Lindsey-Boggio.WalkingToursTests";
				PRODUCT_NAME = "$(TARGET_NAME)";
				TEST_HOST = "$(BUILT_PRODUCTS_DIR)/WalkingTours.app/WalkingTours";
			};
			name = Debug;
		};
		903177F81C1F3A9E001C8DF9 /* Release */ = {
			isa = XCBuildConfiguration;
			buildSettings = {
				BUNDLE_LOADER = "$(TEST_HOST)";
				INFOPLIST_FILE = WalkingToursTests/Info.plist;
				LD_RUNPATH_SEARCH_PATHS = "$(inherited) @executable_path/Frameworks @loader_path/Frameworks";
				PRODUCT_BUNDLE_IDENTIFIER = "Lindsey-Boggio.WalkingToursTests";
				PRODUCT_NAME = "$(TARGET_NAME)";
				TEST_HOST = "$(BUILT_PRODUCTS_DIR)/WalkingTours.app/WalkingTours";
			};
			name = Release;
		};
		903177FA1C1F3A9E001C8DF9 /* Debug */ = {
			isa = XCBuildConfiguration;
			buildSettings = {
				INFOPLIST_FILE = WalkingToursUITests/Info.plist;
				LD_RUNPATH_SEARCH_PATHS = "$(inherited) @executable_path/Frameworks @loader_path/Frameworks";
				PRODUCT_BUNDLE_IDENTIFIER = "Lindsey-Boggio.WalkingToursUITests";
				PRODUCT_NAME = "$(TARGET_NAME)";
				TEST_TARGET_NAME = WalkingTours;
				USES_XCTRUNNER = YES;
			};
			name = Debug;
		};
		903177FB1C1F3A9E001C8DF9 /* Release */ = {
			isa = XCBuildConfiguration;
			buildSettings = {
				INFOPLIST_FILE = WalkingToursUITests/Info.plist;
				LD_RUNPATH_SEARCH_PATHS = "$(inherited) @executable_path/Frameworks @loader_path/Frameworks";
				PRODUCT_BUNDLE_IDENTIFIER = "Lindsey-Boggio.WalkingToursUITests";
				PRODUCT_NAME = "$(TARGET_NAME)";
				TEST_TARGET_NAME = WalkingTours;
				USES_XCTRUNNER = YES;
			};
			name = Release;
		};
/* End XCBuildConfiguration section */

/* Begin XCConfigurationList section */
		903177C11C1F3A9E001C8DF9 /* Build configuration list for PBXProject "WalkingTours" */ = {
			isa = XCConfigurationList;
			buildConfigurations = (
				903177F11C1F3A9E001C8DF9 /* Debug */,
				903177F21C1F3A9E001C8DF9 /* Release */,
			);
			defaultConfigurationIsVisible = 0;
			defaultConfigurationName = Release;
		};
		903177F31C1F3A9E001C8DF9 /* Build configuration list for PBXNativeTarget "WalkingTours" */ = {
			isa = XCConfigurationList;
			buildConfigurations = (
				903177F41C1F3A9E001C8DF9 /* Debug */,
				903177F51C1F3A9E001C8DF9 /* Release */,
			);
			defaultConfigurationIsVisible = 0;
			defaultConfigurationName = Release;
		};
		903177F61C1F3A9E001C8DF9 /* Build configuration list for PBXNativeTarget "WalkingToursTests" */ = {
			isa = XCConfigurationList;
			buildConfigurations = (
				903177F71C1F3A9E001C8DF9 /* Debug */,
				903177F81C1F3A9E001C8DF9 /* Release */,
			);
			defaultConfigurationIsVisible = 0;
			defaultConfigurationName = Release;
		};
		903177F91C1F3A9E001C8DF9 /* Build configuration list for PBXNativeTarget "WalkingToursUITests" */ = {
			isa = XCConfigurationList;
			buildConfigurations = (
				903177FA1C1F3A9E001C8DF9 /* Debug */,
				903177FB1C1F3A9E001C8DF9 /* Release */,
			);
			defaultConfigurationIsVisible = 0;
			defaultConfigurationName = Release;
		};
/* End XCConfigurationList section */
	};
	rootObject = 903177BE1C1F3A9E001C8DF9 /* Project object */;
}
